
Microsoft Visual Studio Solution File, Format Version 12.00
# Visual Studio Version 17
VisualStudioVersion = 17.8.34322.80
MinimumVisualStudioVersion = 10.0.40219.1
Project("{9A19103F-16F7-4668-BE54-9A1E7A4F7556}") = "WEG.Application", "WEG.Application\WEG.Application.csproj", "{659215B3-25E6-46F4-9CC2-39292BCF69E6}"
EndProject
Project("{9A19103F-16F7-4668-BE54-9A1E7A4F7556}") = "WEG.Infrastructure", "WEG.Infrastructure\WEG.Infrastructure.csproj", "{CF425309-62A7-45FD-B1A6-B04A6A5C7702}"
EndProject
Project("{9A19103F-16F7-4668-BE54-9A1E7A4F7556}") = "WEG.WebUI", "WEG.WebUI\WEG.WebUI.csproj", "{3F7EF11F-1C16-41EF-AE87-9752202630E7}"
EndProject
Project("{E53339B2-1760-4266-BCC7-CA923CBCF16C}") = "docker-compose", "docker-compose.dcproj", "{7EECDF18-A23F-4D70-94BE-20E66323B46A}"
EndProject
Global
	GlobalSection(SolutionConfigurationPlatforms) = preSolution
		Debug|Any CPU = Debug|Any CPU
		Release|Any CPU = Release|Any CPU
	EndGlobalSection
	GlobalSection(ProjectConfigurationPlatforms) = postSolution
		{659215B3-25E6-46F4-9CC2-39292BCF69E6}.Debug|Any CPU.ActiveCfg = Debug|Any CPU
		{659215B3-25E6-46F4-9CC2-39292BCF69E6}.Debug|Any CPU.Build.0 = Debug|Any CPU
		{659215B3-25E6-46F4-9CC2-39292BCF69E6}.Release|Any CPU.ActiveCfg = Release|Any CPU
		{659215B3-25E6-46F4-9CC2-39292BCF69E6}.Release|Any CPU.Build.0 = Release|Any CPU
		{CF425309-62A7-45FD-B1A6-B04A6A5C7702}.Debug|Any CPU.ActiveCfg = Debug|Any CPU
		{CF425309-62A7-45FD-B1A6-B04A6A5C7702}.Debug|Any CPU.Build.0 = Debug|Any CPU
		{CF425309-62A7-45FD-B1A6-B04A6A5C7702}.Release|Any CPU.ActiveCfg = Release|Any CPU
		{CF425309-62A7-45FD-B1A6-B04A6A5C7702}.Release|Any CPU.Build.0 = Release|Any CPU
		{3F7EF11F-1C16-41EF-AE87-9752202630E7}.Debug|Any CPU.ActiveCfg = Debug|Any CPU
		{3F7EF11F-1C16-41EF-AE87-9752202630E7}.Debug|Any CPU.Build.0 = Debug|Any CPU
		{3F7EF11F-1C16-41EF-AE87-9752202630E7}.Release|Any CPU.ActiveCfg = Release|Any CPU
		{3F7EF11F-1C16-41EF-AE87-9752202630E7}.Release|Any CPU.Build.0 = Release|Any CPU
		{7EECDF18-A23F-4D70-94BE-20E66323B46A}.Debug|Any CPU.ActiveCfg = Debug|Any CPU
		{7EECDF18-A23F-4D70-94BE-20E66323B46A}.Debug|Any CPU.Build.0 = Debug|Any CPU
		{7EECDF18-A23F-4D70-94BE-20E66323B46A}.Release|Any CPU.ActiveCfg = Release|Any CPU
		{7EECDF18-A23F-4D70-94BE-20E66323B46A}.Release|Any CPU.Build.0 = Release|Any CPU
	EndGlobalSection
	GlobalSection(SolutionProperties) = preSolution
		HideSolutionNode = FALSE
	EndGlobalSection
	GlobalSection(ExtensibilityGlobals) = postSolution
		SolutionGuid = {41BF3BE0-9C00-48DA-B56B-5FC5A535AF32}
	EndGlobalSection
EndGlobal
